
Microsoft Visual Studio Solution File, Format Version 12.00
# Visual Studio Version 17
VisualStudioVersion = 17.6.33815.320
MinimumVisualStudioVersion = 10.0.40219.1
Project("{9A19103F-16F7-4668-BE54-9A1E7A4F7556}") = "FilmesAPI", "FilmesAPI\FilmesAPI.csproj", "{792F5625-E2B1-4072-B9EC-68999F8AC295}"
EndProject
Global
	GlobalSection(SolutionConfigurationPlatforms) = preSolution
		Debug|Any CPU = Debug|Any CPU
		Release|Any CPU = Release|Any CPU
	EndGlobalSection
	GlobalSection(ProjectConfigurationPlatforms) = postSolution
		{792F5625-E2B1-4072-B9EC-68999F8AC295}.Debug|Any CPU.ActiveCfg = Debug|Any CPU
		{792F5625-E2B1-4072-B9EC-68999F8AC295}.Debug|Any CPU.Build.0 = Debug|Any CPU
		{792F5625-E2B1-4072-B9EC-68999F8AC295}.Release|Any CPU.ActiveCfg = Release|Any CPU
		{792F5625-E2B1-4072-B9EC-68999F8AC295}.Release|Any CPU.Build.0 = Release|Any CPU
	EndGlobalSection
	GlobalSection(SolutionProperties) = preSolution
		HideSolutionNode = FALSE
	EndGlobalSection
	GlobalSection(ExtensibilityGlobals) = postSolution
		SolutionGuid = {C67BD629-3D99-42A7-8B1C-5A7A93E9A6FE}
	EndGlobalSection
EndGlobal
